
Microsoft Visual Studio Solution File, Format Version 12.00
# Visual Studio Version 16
VisualStudioVersion = 16.0.31729.503
MinimumVisualStudioVersion = 10.0.40219.1
Project("{FAE04EC0-301F-11D3-BF4B-00C04F79EFBC}") = "Data Structure", "Data Structure\Data Structure.csproj", "{C7AD5F67-9BB7-48A3-8172-17E8773BE1B1}"
EndProject
Global
	GlobalSection(SolutionConfigurationPlatforms) = preSolution
		Debug|Any CPU = Debug|Any CPU
		Release|Any CPU = Release|Any CPU
	EndGlobalSection
	GlobalSection(ProjectConfigurationPlatforms) = postSolution
		{C7AD5F67-9BB7-48A3-8172-17E8773BE1B1}.Debug|Any CPU.ActiveCfg = Debug|Any CPU
		{C7AD5F67-9BB7-48A3-8172-17E8773BE1B1}.Debug|Any CPU.Build.0 = Debug|Any CPU
		{C7AD5F67-9BB7-48A3-8172-17E8773BE1B1}.Release|Any CPU.ActiveCfg = Release|Any CPU
		{C7AD5F67-9BB7-48A3-8172-17E8773BE1B1}.Release|Any CPU.Build.0 = Release|Any CPU
	EndGlobalSection
	GlobalSection(SolutionProperties) = preSolution
		HideSolutionNode = FALSE
	EndGlobalSection
	GlobalSection(ExtensibilityGlobals) = postSolution
		SolutionGuid = {462814F7-2BCC-4AE1-8C02-9869266DA425}
	EndGlobalSection
EndGlobal
